// !$*UTF8*$!
{
	archiveVersion = 1;
	classes = {
	};
	objectVersion = 46;
	objects = {

/* Begin PBXBuildFile section */
		32DE87DE1D6B86C500C66080 /* AppDelegate.swift in Sources */ = {isa = PBXBuildFile; fileRef = 32DE87DD1D6B86C500C66080 /* AppDelegate.swift */; };
		32DE87E01D6B86C500C66080 /* ViewController.swift in Sources */ = {isa = PBXBuildFile; fileRef = 32DE87DF1D6B86C500C66080 /* ViewController.swift */; };
		32DE87E31D6B86C500C66080 /* Main.storyboard in Resources */ = {isa = PBXBuildFile; fileRef = 32DE87E11D6B86C500C66080 /* Main.storyboard */; };
		32DE87E51D6B86C500C66080 /* Assets.xcassets in Resources */ = {isa = PBXBuildFile; fileRef = 32DE87E41D6B86C500C66080 /* Assets.xcassets */; };
		32DE87E81D6B86C500C66080 /* LaunchScreen.storyboard in Resources */ = {isa = PBXBuildFile; fileRef = 32DE87E61D6B86C500C66080 /* LaunchScreen.storyboard */; };
/* End PBXBuildFile section */

/* Begin PBXFileReference section */
		32DE87DA1D6B86C300C66080 /* Adaptive_TJHelton.app */ = {isa = PBXFileReference; explicitFileType = wrapper.application; includeInIndex = 0; path = Adaptive_TJHelton.app; sourceTree = BUILT_PRODUCTS_DIR; };
		32DE87DD1D6B86C500C66080 /* AppDelegate.swift */ = {isa = PBXFileReference; lastKnownFileType = sourcecode.swift; path = AppDelegate.swift; sourceTree = "<group>"; };
		32DE87DF1D6B86C500C66080 /* ViewController.swift */ = {isa = PBXFileReference; lastKnownFileType = sourcecode.swift; path = ViewController.swift; sourceTree = "<group>"; };
		32DE87E21D6B86C500C66080 /* Base */ = {isa = PBXFileReference; lastKnownFileType = file.storyboard; name = Base; path = Base.lproj/Main.storyboard; sourceTree = "<group>"; };
		32DE87E41D6B86C500C66080 /* Assets.xcassets */ = {isa = PBXFileReference; lastKnownFileType = folder.assetcatalog; path = Assets.xcassets; sourceTree = "<group>"; };
		32DE87E71D6B86C500C66080 /* Base */ = {isa = PBXFileReference; lastKnownFileType = file.storyboard; name = Base; path = Base.lproj/LaunchScreen.storyboard; sourceTree = "<group>"; };
		32DE87E91D6B86C500C66080 /* Info.plist */ = {isa = PBXFileReference; lastKnownFileType = text.plist.xml; path = Info.plist; sourceTree = "<group>"; };
/* End PBXFileReference section */

/* Begin PBXFrameworksBuildPhase section */
		32DE87D71D6B86C300C66080 /* Frameworks */ = {
			isa = PBXFrameworksBuildPhase;
			buildActionMask = 2147483647;
			files = (
			);
			runOnlyForDeploymentPostprocessing = 0;
		};
/* End PBXFrameworksBuildPhase section */

/* Begin PBXGroup section */
		32DE87D11D6B86C300C66080 = {
			isa = PBXGroup;
			children = (
				32DE87DC1D6B86C500C66080 /* Adaptive_TJHelton */,
				32DE87DB1D6B86C300C66080 /* Products */,
			);
			sourceTree = "<group>";
		};
		32DE87DB1D6B86C300C66080 /* Products */ = {
			isa = PBXGroup;
			children = (
				32DE87DA1D6B86C300C66080 /* Adaptive_TJHelton.app */,
			);
			name = Products;
			sourceTree = "<group>";
		};
		32DE87DC1D6B86C500C66080 /* Adaptive_TJHelton */ = {
			isa = PBXGroup;
			children = (
				32DE87DD1D6B86C500C66080 /* AppDelegate.swift */,
				32DE87DF1D6B86C500C66080 /* ViewController.swift */,
				32DE87E11D6B86C500C66080 /* Main.storyboard */,
				32DE87E41D6B86C500C66080 /* Assets.xcassets */,
				32DE87E61D6B86C500C66080 /* LaunchScreen.storyboard */,
				32DE87E91D6B86C500C66080 /* Info.plist */,
			);
			path = Adaptive_TJHelton;
			sourceTree = "<group>";
		};
/* End PBXGroup section */

/* Begin PBXNativeTarget section */
		32DE87D91D6B86C300C66080 /* Adaptive_TJHelton */ = {
			isa = PBXNativeTarget;
			buildConfigurationList = 32DE87EC1D6B86C500C66080 /* Build configuration list for PBXNativeTarget "Adaptive_TJHelton" */;
			buildPhases = (
				32DE87D61D6B86C300C66080 /* Sources */,
				32DE87D71D6B86C300C66080 /* Frameworks */,
				32DE87D81D6B86C300C66080 /* Resources */,
			);
			buildRules = (
			);
			dependencies = (
			);
			name = Adaptive_TJHelton;
			productName = Adaptive_TJHelton;
			productReference = 32DE87DA1D6B86C300C66080 /* Adaptive_TJHelton.app */;
			productType = "com.apple.product-type.application";
		};
/* End PBXNativeTarget section */

/* Begin PBXProject section */
		32DE87D21D6B86C300C66080 /* Project object */ = {
			isa = PBXProject;
			attributes = {
				LastSwiftUpdateCheck = 0730;
				LastUpgradeCheck = 0730;
				ORGANIZATIONNAME = "T.J. Helton";
				TargetAttributes = {
					32DE87D91D6B86C300C66080 = {
						CreatedOnToolsVersion = 7.3.1;
					};
				};
			};
			buildConfigurationList = 32DE87D51D6B86C300C66080 /* Build configuration list for PBXProject "Adaptive_TJHelton" */;
			compatibilityVersion = "Xcode 3.2";
			developmentRegion = English;
			hasScannedForEncodings = 0;
			knownRegions = (
				en,
				Base,
			);
			mainGroup = 32DE87D11D6B86C300C66080;
			productRefGroup = 32DE87DB1D6B86C300C66080 /* Products */;
			projectDirPath = "";
			projectRoot = "";
			targets = (
				32DE87D91D6B86C300C66080 /* Adaptive_TJHelton */,
			);
		};
/* End PBXProject section */

/* Begin PBXResourcesBuildPhase section */
		32DE87D81D6B86C300C66080 /* Resources */ = {
			isa = PBXResourcesBuildPhase;
			buildActionMask = 2147483647;
			files = (
				32DE87E81D6B86C500C66080 /* LaunchScreen.storyboard in Resources */,
				32DE87E51D6B86C500C66080 /* Assets.xcassets in Resources */,
				32DE87E31D6B86C500C66080 /* Main.storyboard in Resources */,
			);
			runOnlyForDeploymentPostprocessing = 0;
		};
/* End PBXResourcesBuildPhase section */

/* Begin PBXSourcesBuildPhase section */
		32DE87D61D6B86C300C66080 /* Sources */ = {
			isa = PBXSourcesBuildPhase;
			buildActionMask = 2147483647;
			files = (
				32DE87E01D6B86C500C66080 /* ViewController.swift in Sources */,
				32DE87DE1D6B86C500C66080 /* AppDelegate.swift in Sources */,
			);
			runOnlyForDeploymentPostprocessing = 0;
		};
/* End PBXSourcesBuildPhase section */

/* Begin PBXVariantGroup section */
		32DE87E11D6B86C500C66080 /* Main.storyboard */ = {
			isa = PBXVariantGroup;
			children = (
				32DE87E21D6B86C500C66080 /* Base */,
			);
			name = Main.storyboard;
			sourceTree = "<group>";
		};
		32DE87E61D6B86C500C66080 /* LaunchScreen.storyboard */ = {
			isa = PBXVariantGroup;
			children = (
				32DE87E71D6B86C500C66080 /* Base */,
			);
			name = LaunchScreen.storyboard;
			sourceTree = "<group>";
		};
/* End PBXVariantGroup section */

/* Begin XCBuildConfiguration section */
		32DE87EA1D6B86C500C66080 /* Debug */ = {
			isa = XCBuildConfiguration;
			buildSettings = {
				ALWAYS_SEARCH_USER_PATHS = NO;
				CLANG_ANALYZER_NONNULL = YES;
				CLANG_CXX_LANGUAGE_STANDARD = "gnu++0x";
				CLANG_CXX_LIBRARY = "libc++";
				CLANG_ENABLE_MODULES = YES;
				CLANG_ENABLE_OBJC_ARC = YES;
				CLANG_WARN_BOOL_CONVERSION = YES;
				CLANG_WARN_CONSTANT_CONVERSION = YES;
				CLANG_WARN_DIRECT_OBJC_ISA_USAGE = YES_ERROR;
				CLANG_WARN_EMPTY_BODY = YES;
				CLANG_WARN_ENUM_CONVERSION = YES;
				CLANG_WARN_INT_CONVERSION = YES;
				CLANG_WARN_OBJC_ROOT_CLASS = YES_ERROR;
				CLANG_WARN_UNREACHABLE_CODE = YES;
				CLANG_WARN__DUPLICATE_METHOD_MATCH = YES;
				"CODE_SIGN_IDENTITY[sdk=iphoneos*]" = "iPhone Developer";
				COPY_PHASE_STRIP = NO;
				DEBUG_INFORMATION_FORMAT = dwarf;
				ENABLE_STRICT_OBJC_MSGSEND = YES;
				ENABLE_TESTABILITY = YES;
				GCC_C_LANGUAGE_STANDARD = gnu99;
				GCC_DYNAMIC_NO_PIC = NO;
				GCC_NO_COMMON_BLOCKS = YES;
				GCC_OPTIMIZATION_LEVEL = 0;
				GCC_PREPROCESSOR_DEFINITIONS = (
					"DEBUG=1",
					"$(inherited)",
				);
				GCC_WARN_64_TO_32_BIT_CONVERSION = YES;
				GCC_WARN_ABOUT_RETURN_TYPE = YES_ERROR;
				GCC_WARN_UNDECLARED_SELECTOR = YES;
				GCC_WARN_UNINITIALIZED_AUTOS = YES_AGGRESSIVE;
				GCC_WARN_UNUSED_FUNCTION = YES;
				GCC_WARN_UNUSED_VARIABLE = YES;
				IPHONEOS_DEPLOYMENT_TARGET = 9.3;
				MTL_ENABLE_DEBUG_INFO = YES;
				ONLY_ACTIVE_ARCH = YES;
				SDKROOT = iphoneos;
				SWIFT_OPTIMIZATION_LEVEL = "-Onone";
				TARGETED_DEVICE_FAMILY = "1,2";
			};
			name = Debug;
		};
		32DE87EB1D6B86C500C66080 /* Release */ = {
			isa = XCBuildConfiguration;
			buildSettings = {
				ALWAYS_SEARCH_USER_PATHS = NO;
				CLANG_ANALYZER_NONNULL = YES;
				CLANG_CXX_LANGUAGE_STANDARD = "gnu++0x";
				CLANG_CXX_LIBRARY = "libc++";
				CLANG_ENABLE_MODULES = YES;
				CLANG_ENABLE_OBJC_ARC = YES;
				CLANG_WARN_BOOL_CONVERSION = YES;
				CLANG_WARN_CONSTANT_CONVERSION = YES;
				CLANG_WARN_DIRECT_OBJC_ISA_USAGE = YES_ERROR;
				CLANG_WARN_EMPTY_BODY = YES;
				CLANG_WARN_ENUM_CONVERSION = YES;
				CLANG_WARN_INT_CONVERSION = YES;
				CLANG_WARN_OBJC_ROOT_CLASS = YES_ERROR;
				CLANG_WARN_UNREACHABLE_CODE = YES;
				CLANG_WARN__DUPLICATE_METHOD_MATCH = YES;
				"CODE_SIGN_IDENTITY[sdk=iphoneos*]" = "iPhone Developer";
				COPY_PHASE_STRIP = NO;
				DEBUG_INFORMATION_FORMAT = "dwarf-with-dsym";
				ENABLE_NS_ASSERTIONS = NO;
				ENABLE_STRICT_OBJC_MSGSEND = YES;
				GCC_C_LANGUAGE_STANDARD = gnu99;
				GCC_NO_COMMON_BLOCKS = YES;
				GCC_WARN_64_TO_32_BIT_CONVERSION = YES;
				GCC_WARN_ABOUT_RETURN_TYPE = YES_ERROR;
				GCC_WARN_UNDECLARED_SELECTOR = YES;
				GCC_WARN_UNINITIALIZED_AUTOS = YES_AGGRESSIVE;
				GCC_WARN_UNUSED_FUNCTION = YES;
				GCC_WARN_UNUSED_VARIABLE = YES;
				IPHONEOS_DEPLOYMENT_TARGET = 9.3;
				MTL_ENABLE_DEBUG_INFO = NO;
				SDKROOT = iphoneos;
				TARGETED_DEVICE_FAMILY = "1,2";
				VALIDATE_PRODUCT = YES;
			};
			name = Release;
		};
		32DE87ED1D6B86C500C66080 /* Debug */ = {
			isa = XCBuildConfiguration;
			buildSettings = {
				ASSETCATALOG_COMPILER_APPICON_NAME = AppIcon;
				INFOPLIST_FILE = Adaptive_TJHelton/Info.plist;
				LD_RUNPATH_SEARCH_PATHS = "$(inherited) @executable_path/Frameworks";
				PRODUCT_BUNDLE_IDENTIFIER = "edu.rockhursths.amdg.Adaptive-TJHelton";
				PRODUCT_NAME = "$(TARGET_NAME)";
			};
			name = Debug;
		};
		32DE87EE1D6B86C500C66080 /* Release */ = {
			isa = XCBuildConfiguration;
			buildSettings = {
				ASSETCATALOG_COMPILER_APPICON_NAME = AppIcon;
				INFOPLIST_FILE = Adaptive_TJHelton/Info.plist;
				LD_RUNPATH_SEARCH_PATHS = "$(inherited) @executable_path/Frameworks";
				PRODUCT_BUNDLE_IDENTIFIER = "edu.rockhursths.amdg.Adaptive-TJHelton";
				PRODUCT_NAME = "$(TARGET_NAME)";
			};
			name = Release;
		};
/* End XCBuildConfiguration section */

/* Begin XCConfigurationList section */
		32DE87D51D6B86C300C66080 /* Build configuration list for PBXProject "Adaptive_TJHelton" */ = {
			isa = XCConfigurationList;
			buildConfigurations = (
				32DE87EA1D6B86C500C66080 /* Debug */,
				32DE87EB1D6B86C500C66080 /* Release */,
			);
			defaultConfigurationIsVisible = 0;
			defaultConfigurationName = Release;
		};
		32DE87EC1D6B86C500C66080 /* Build configuration list for PBXNativeTarget "Adaptive_TJHelton" */ = {
			isa = XCConfigurationList;
			buildConfigurations = (
				32DE87ED1D6B86C500C66080 /* Debug */,
				32DE87EE1D6B86C500C66080 /* Release */,
			);
			defaultConfigurationIsVisible = 0;
		};
/* End XCConfigurationList section */
	};
	rootObject = 32DE87D21D6B86C300C66080 /* Project object */;
}
